// !$*UTF8*$!
{
	archiveVersion = 1;
	classes = {
	};
	objectVersion = 46;
	objects = {

/* Begin PBXBuildFile section */
		21B8C7911B107B460097EB67 /* main.m in Sources */ = {isa = PBXBuildFile; fileRef = 21B8C7901B107B460097EB67 /* main.m */; };
		21B8C7941B107B460097EB67 /* AppDelegate.m in Sources */ = {isa = PBXBuildFile; fileRef = 21B8C7931B107B460097EB67 /* AppDelegate.m */; };
		21B8C7971B107B460097EB67 /* GameScene.m in Sources */ = {isa = PBXBuildFile; fileRef = 21B8C7961B107B460097EB67 /* GameScene.m */; };
		21B8C7991B107B460097EB67 /* GameScene.sks in Resources */ = {isa = PBXBuildFile; fileRef = 21B8C7981B107B460097EB67 /* GameScene.sks */; };
		21B8C79C1B107B460097EB67 /* GameViewController.m in Sources */ = {isa = PBXBuildFile; fileRef = 21B8C79B1B107B460097EB67 /* GameViewController.m */; };
		21B8C79F1B107B460097EB67 /* Main.storyboard in Resources */ = {isa = PBXBuildFile; fileRef = 21B8C79D1B107B460097EB67 /* Main.storyboard */; };
		21B8C7A11B107B460097EB67 /* Images.xcassets in Resources */ = {isa = PBXBuildFile; fileRef = 21B8C7A01B107B460097EB67 /* Images.xcassets */; };
		21B8C7A41B107B460097EB67 /* LaunchScreen.xib in Resources */ = {isa = PBXBuildFile; fileRef = 21B8C7A21B107B460097EB67 /* LaunchScreen.xib */; };
		21B8C7B01B107B460097EB67 /* flappyBirdTests.m in Sources */ = {isa = PBXBuildFile; fileRef = 21B8C7AF1B107B460097EB67 /* flappyBirdTests.m */; };
/* End PBXBuildFile section */

/* Begin PBXContainerItemProxy section */
		21B8C7AA1B107B460097EB67 /* PBXContainerItemProxy */ = {
			isa = PBXContainerItemProxy;
			containerPortal = 21B8C7831B107B460097EB67 /* Project object */;
			proxyType = 1;
			remoteGlobalIDString = 21B8C78A1B107B460097EB67;
			remoteInfo = flappyBird;
		};
/* End PBXContainerItemProxy section */

/* Begin PBXFileReference section */
		21B8C78B1B107B460097EB67 /* flappyBird.app */ = {isa = PBXFileReference; explicitFileType = wrapper.application; includeInIndex = 0; path = flappyBird.app; sourceTree = BUILT_PRODUCTS_DIR; };
		21B8C78F1B107B460097EB67 /* Info.plist */ = {isa = PBXFileReference; lastKnownFileType = text.plist.xml; path = Info.plist; sourceTree = "<group>"; };
		21B8C7901B107B460097EB67 /* main.m */ = {isa = PBXFileReference; lastKnownFileType = sourcecode.c.objc; path = main.m; sourceTree = "<group>"; };
		21B8C7921B107B460097EB67 /* AppDelegate.h */ = {isa = PBXFileReference; lastKnownFileType = sourcecode.c.h; path = AppDelegate.h; sourceTree = "<group>"; };
		21B8C7931B107B460097EB67 /* AppDelegate.m */ = {isa = PBXFileReference; lastKnownFileType = sourcecode.c.objc; path = AppDelegate.m; sourceTree = "<group>"; };
		21B8C7951B107B460097EB67 /* GameScene.h */ = {isa = PBXFileReference; lastKnownFileType = sourcecode.c.h; path = GameScene.h; sourceTree = "<group>"; };
		21B8C7961B107B460097EB67 /* GameScene.m */ = {isa = PBXFileReference; lastKnownFileType = sourcecode.c.objc; path = GameScene.m; sourceTree = "<group>"; };
		21B8C7981B107B460097EB67 /* GameScene.sks */ = {isa = PBXFileReference; lastKnownFileType = file.sks; path = GameScene.sks; sourceTree = "<group>"; };
		21B8C79A1B107B460097EB67 /* GameViewController.h */ = {isa = PBXFileReference; lastKnownFileType = sourcecode.c.h; path = GameViewController.h; sourceTree = "<group>"; };
		21B8C79B1B107B460097EB67 /* GameViewController.m */ = {isa = PBXFileReference; lastKnownFileType = sourcecode.c.objc; path = GameViewController.m; sourceTree = "<group>"; };
		21B8C79E1B107B460097EB67 /* Base */ = {isa = PBXFileReference; lastKnownFileType = file.storyboard; name = Base; path = Base.lproj/Main.storyboard; sourceTree = "<group>"; };
		21B8C7A01B107B460097EB67 /* Images.xcassets */ = {isa = PBXFileReference; lastKnownFileType = folder.assetcatalog; path = Images.xcassets; sourceTree = "<group>"; };
		21B8C7A31B107B460097EB67 /* Base */ = {isa = PBXFileReference; lastKnownFileType = file.xib; name = Base; path = Base.lproj/LaunchScreen.xib; sourceTree = "<group>"; };
		21B8C7A91B107B460097EB67 /* flappyBirdTests.xctest */ = {isa = PBXFileReference; explicitFileType = wrapper.cfbundle; includeInIndex = 0; path = flappyBirdTests.xctest; sourceTree = BUILT_PRODUCTS_DIR; };
		21B8C7AE1B107B460097EB67 /* Info.plist */ = {isa = PBXFileReference; lastKnownFileType = text.plist.xml; path = Info.plist; sourceTree = "<group>"; };
		21B8C7AF1B107B460097EB67 /* flappyBirdTests.m */ = {isa = PBXFileReference; lastKnownFileType = sourcecode.c.objc; path = flappyBirdTests.m; sourceTree = "<group>"; };
/* End PBXFileReference section */

/* Begin PBXFrameworksBuildPhase section */
		21B8C7881B107B460097EB67 /* Frameworks */ = {
			isa = PBXFrameworksBuildPhase;
			buildActionMask = 2147483647;
			files = (
			);
			runOnlyForDeploymentPostprocessing = 0;
		};
		21B8C7A61B107B460097EB67 /* Frameworks */ = {
			isa = PBXFrameworksBuildPhase;
			buildActionMask = 2147483647;
			files = (
			);
			runOnlyForDeploymentPostprocessing = 0;
		};
/* End PBXFrameworksBuildPhase section */

/* Begin PBXGroup section */
		21B8C7821B107B460097EB67 = {
			isa = PBXGroup;
			children = (
				21B8C78D1B107B460097EB67 /* flappyBird */,
				21B8C7AC1B107B460097EB67 /* flappyBirdTests */,
				21B8C78C1B107B460097EB67 /* Products */,
			);
			sourceTree = "<group>";
		};
		21B8C78C1B107B460097EB67 /* Products */ = {
			isa = PBXGroup;
			children = (
				21B8C78B1B107B460097EB67 /* flappyBird.app */,
				21B8C7A91B107B460097EB67 /* flappyBirdTests.xctest */,
			);
			name = Products;
			sourceTree = "<group>";
		};
		21B8C78D1B107B460097EB67 /* flappyBird */ = {
			isa = PBXGroup;
			children = (
				21B8C7921B107B460097EB67 /* AppDelegate.h */,
				21B8C7931B107B460097EB67 /* AppDelegate.m */,
				21B8C7951B107B460097EB67 /* GameScene.h */,
				21B8C7961B107B460097EB67 /* GameScene.m */,
				21B8C7981B107B460097EB67 /* GameScene.sks */,
				21B8C79A1B107B460097EB67 /* GameViewController.h */,
				21B8C79B1B107B460097EB67 /* GameViewController.m */,
				21B8C79D1B107B460097EB67 /* Main.storyboard */,
				21B8C7A01B107B460097EB67 /* Images.xcassets */,
				21B8C7A21B107B460097EB67 /* LaunchScreen.xib */,
				21B8C78E1B107B460097EB67 /* Supporting Files */,
			);
			path = flappyBird;
			sourceTree = "<group>";
		};
		21B8C78E1B107B460097EB67 /* Supporting Files */ = {
			isa = PBXGroup;
			children = (
				21B8C78F1B107B460097EB67 /* Info.plist */,
				21B8C7901B107B460097EB67 /* main.m */,
			);
			name = "Supporting Files";
			sourceTree = "<group>";
		};
		21B8C7AC1B107B460097EB67 /* flappyBirdTests */ = {
			isa = PBXGroup;
			children = (
				21B8C7AF1B107B460097EB67 /* flappyBirdTests.m */,
				21B8C7AD1B107B460097EB67 /* Supporting Files */,
			);
			path = flappyBirdTests;
			sourceTree = "<group>";
		};
		21B8C7AD1B107B460097EB67 /* Supporting Files */ = {
			isa = PBXGroup;
			children = (
				21B8C7AE1B107B460097EB67 /* Info.plist */,
			);
			name = "Supporting Files";
			sourceTree = "<group>";
		};
/* End PBXGroup section */

/* Begin PBXNativeTarget section */
		21B8C78A1B107B460097EB67 /* flappyBird */ = {
			isa = PBXNativeTarget;
			buildConfigurationList = 21B8C7B31B107B460097EB67 /* Build configuration list for PBXNativeTarget "flappyBird" */;
			buildPhases = (
				21B8C7871B107B460097EB67 /* Sources */,
				21B8C7881B107B460097EB67 /* Frameworks */,
				21B8C7891B107B460097EB67 /* Resources */,
			);
			buildRules = (
			);
			dependencies = (
			);
			name = flappyBird;
			productName = flappyBird;
			productReference = 21B8C78B1B107B460097EB67 /* flappyBird.app */;
			productType = "com.apple.product-type.application";
		};
		21B8C7A81B107B460097EB67 /* flappyBirdTests */ = {
			isa = PBXNativeTarget;
			buildConfigurationList = 21B8C7B61B107B460097EB67 /* Build configuration list for PBXNativeTarget "flappyBirdTests" */;
			buildPhases = (
				21B8C7A51B107B460097EB67 /* Sources */,
				21B8C7A61B107B460097EB67 /* Frameworks */,
				21B8C7A71B107B460097EB67 /* Resources */,
			);
			buildRules = (
			);
			dependencies = (
				21B8C7AB1B107B460097EB67 /* PBXTargetDependency */,
			);
			name = flappyBirdTests;
			productName = flappyBirdTests;
			productReference = 21B8C7A91B107B460097EB67 /* flappyBirdTests.xctest */;
			productType = "com.apple.product-type.bundle.unit-test";
		};
/* End PBXNativeTarget section */

/* Begin PBXProject section */
		21B8C7831B107B460097EB67 /* Project object */ = {
			isa = PBXProject;
			attributes = {
				LastUpgradeCheck = 0610;
				ORGANIZATIONNAME = "Pablo Parejo Camacho";
				TargetAttributes = {
					21B8C78A1B107B460097EB67 = {
						CreatedOnToolsVersion = 6.1.1;
					};
					21B8C7A81B107B460097EB67 = {
						CreatedOnToolsVersion = 6.1.1;
						TestTargetID = 21B8C78A1B107B460097EB67;
					};
				};
			};
			buildConfigurationList = 21B8C7861B107B460097EB67 /* Build configuration list for PBXProject "flappyBird" */;
			compatibilityVersion = "Xcode 3.2";
			developmentRegion = English;
			hasScannedForEncodings = 0;
			knownRegions = (
				en,
				Base,
			);
			mainGroup = 21B8C7821B107B460097EB67;
			productRefGroup = 21B8C78C1B107B460097EB67 /* Products */;
			projectDirPath = "";
			projectRoot = "";
			targets = (
				21B8C78A1B107B460097EB67 /* flappyBird */,
				21B8C7A81B107B460097EB67 /* flappyBirdTests */,
			);
		};
/* End PBXProject section */

/* Begin PBXResourcesBuildPhase section */
		21B8C7891B107B460097EB67 /* Resources */ = {
			isa = PBXResourcesBuildPhase;
			buildActionMask = 2147483647;
			files = (
				21B8C7A41B107B460097EB67 /* LaunchScreen.xib in Resources */,
				21B8C7A11B107B460097EB67 /* Images.xcassets in Resources */,
				21B8C7991B107B460097EB67 /* GameScene.sks in Resources */,
				21B8C79F1B107B460097EB67 /* Main.storyboard in Resources */,
			);
			runOnlyForDeploymentPostprocessing = 0;
		};
		21B8C7A71B107B460097EB67 /* Resources */ = {
			isa = PBXResourcesBuildPhase;
			buildActionMask = 2147483647;
			files = (
			);
			runOnlyForDeploymentPostprocessing = 0;
		};
/* End PBXResourcesBuildPhase section */

/* Begin PBXSourcesBuildPhase section */
		21B8C7871B107B460097EB67 /* Sources */ = {
			isa = PBXSourcesBuildPhase;
			buildActionMask = 2147483647;
			files = (
				21B8C79C1B107B460097EB67 /* GameViewController.m in Sources */,
				21B8C7941B107B460097EB67 /* AppDelegate.m in Sources */,
				21B8C7971B107B460097EB67 /* GameScene.m in Sources */,
				21B8C7911B107B460097EB67 /* main.m in Sources */,
			);
			runOnlyForDeploymentPostprocessing = 0;
		};
		21B8C7A51B107B460097EB67 /* Sources */ = {
			isa = PBXSourcesBuildPhase;
			buildActionMask = 2147483647;
			files = (
				21B8C7B01B107B460097EB67 /* flappyBirdTests.m in Sources */,
			);
			runOnlyForDeploymentPostprocessing = 0;
		};
/* End PBXSourcesBuildPhase section */

/* Begin PBXTargetDependency section */
		21B8C7AB1B107B460097EB67 /* PBXTargetDependency */ = {
			isa = PBXTargetDependency;
			target = 21B8C78A1B107B460097EB67 /* flappyBird */;
			targetProxy = 21B8C7AA1B107B460097EB67 /* PBXContainerItemProxy */;
		};
/* End PBXTargetDependency section */

/* Begin PBXVariantGroup section */
		21B8C79D1B107B460097EB67 /* Main.storyboard */ = {
			isa = PBXVariantGroup;
			children = (
				21B8C79E1B107B460097EB67 /* Base */,
			);
			name = Main.storyboard;
			sourceTree = "<group>";
		};
		21B8C7A21B107B460097EB67 /* LaunchScreen.xib */ = {
			isa = PBXVariantGroup;
			children = (
				21B8C7A31B107B460097EB67 /* Base */,
			);
			name = LaunchScreen.xib;
			sourceTree = "<group>";
		};
/* End PBXVariantGroup section */

/* Begin XCBuildConfiguration section */
		21B8C7B11B107B460097EB67 /* Debug */ = {
			isa = XCBuildConfiguration;
			buildSettings = {
				ALWAYS_SEARCH_USER_PATHS = NO;
				CLANG_CXX_LANGUAGE_STANDARD = "gnu++0x";
				CLANG_CXX_LIBRARY = "libc++";
				CLANG_ENABLE_MODULES = YES;
				CLANG_ENABLE_OBJC_ARC = YES;
				CLANG_WARN_BOOL_CONVERSION = YES;
				CLANG_WARN_CONSTANT_CONVERSION = YES;
				CLANG_WARN_DIRECT_OBJC_ISA_USAGE = YES_ERROR;
				CLANG_WARN_EMPTY_BODY = YES;
				CLANG_WARN_ENUM_CONVERSION = YES;
				CLANG_WARN_INT_CONVERSION = YES;
				CLANG_WARN_OBJC_ROOT_CLASS = YES_ERROR;
				CLANG_WARN_UNREACHABLE_CODE = YES;
				CLANG_WARN__DUPLICATE_METHOD_MATCH = YES;
				"CODE_SIGN_IDENTITY[sdk=iphoneos*]" = "iPhone Developer";
				COPY_PHASE_STRIP = NO;
				ENABLE_STRICT_OBJC_MSGSEND = YES;
				GCC_C_LANGUAGE_STANDARD = gnu99;
				GCC_DYNAMIC_NO_PIC = NO;
				GCC_OPTIMIZATION_LEVEL = 0;
				GCC_PREPROCESSOR_DEFINITIONS = (
					"DEBUG=1",
					"$(inherited)",
				);
				GCC_SYMBOLS_PRIVATE_EXTERN = NO;
				GCC_WARN_64_TO_32_BIT_CONVERSION = YES;
				GCC_WARN_ABOUT_RETURN_TYPE = YES_ERROR;
				GCC_WARN_UNDECLARED_SELECTOR = YES;
				GCC_WARN_UNINITIALIZED_AUTOS = YES_AGGRESSIVE;
				GCC_WARN_UNUSED_FUNCTION = YES;
				GCC_WARN_UNUSED_VARIABLE = YES;
				IPHONEOS_DEPLOYMENT_TARGET = 8.1;
				MTL_ENABLE_DEBUG_INFO = YES;
				ONLY_ACTIVE_ARCH = YES;
				SDKROOT = iphoneos;
				TARGETED_DEVICE_FAMILY = "1,2";
			};
			name = Debug;
		};
		21B8C7B21B107B460097EB67 /* Release */ = {
			isa = XCBuildConfiguration;
			buildSettings = {
				ALWAYS_SEARCH_USER_PATHS = NO;
				CLANG_CXX_LANGUAGE_STANDARD = "gnu++0x";
				CLANG_CXX_LIBRARY = "libc++";
				CLANG_ENABLE_MODULES = YES;
				CLANG_ENABLE_OBJC_ARC = YES;
				CLANG_WARN_BOOL_CONVERSION = YES;
				CLANG_WARN_CONSTANT_CONVERSION = YES;
				CLANG_WARN_DIRECT_OBJC_ISA_USAGE = YES_ERROR;
				CLANG_WARN_EMPTY_BODY = YES;
				CLANG_WARN_ENUM_CONVERSION = YES;
				CLANG_WARN_INT_CONVERSION = YES;
				CLANG_WARN_OBJC_ROOT_CLASS = YES_ERROR;
				CLANG_WARN_UNREACHABLE_CODE = YES;
				CLANG_WARN__DUPLICATE_METHOD_MATCH = YES;
				"CODE_SIGN_IDENTITY[sdk=iphoneos*]" = "iPhone Developer";
				COPY_PHASE_STRIP = YES;
				ENABLE_NS_ASSERTIONS = NO;
				ENABLE_STRICT_OBJC_MSGSEND = YES;
				GCC_C_LANGUAGE_STANDARD = gnu99;
				GCC_WARN_64_TO_32_BIT_CONVERSION = YES;
				GCC_WARN_ABOUT_RETURN_TYPE = YES_ERROR;
				GCC_WARN_UNDECLARED_SELECTOR = YES;
				GCC_WARN_UNINITIALIZED_AUTOS = YES_AGGRESSIVE;
				GCC_WARN_UNUSED_FUNCTION = YES;
				GCC_WARN_UNUSED_VARIABLE = YES;
				IPHONEOS_DEPLOYMENT_TARGET = 8.1;
				MTL_ENABLE_DEBUG_INFO = NO;
				SDKROOT = iphoneos;
				TARGETED_DEVICE_FAMILY = "1,2";
				VALIDATE_PRODUCT = YES;
			};
			name = Release;
		};
		21B8C7B41B107B460097EB67 /* Debug */ = {
			isa = XCBuildConfiguration;
			buildSettings = {
				ASSETCATALOG_COMPILER_APPICON_NAME = AppIcon;
				INFOPLIST_FILE = flappyBird/Info.plist;
				LD_RUNPATH_SEARCH_PATHS = "$(inherited) @executable_path/Frameworks";
				PRODUCT_NAME = "$(TARGET_NAME)";
			};
			name = Debug;
		};
		21B8C7B51B107B460097EB67 /* Release */ = {
			isa = XCBuildConfiguration;
			buildSettings = {
				ASSETCATALOG_COMPILER_APPICON_NAME = AppIcon;
				INFOPLIST_FILE = flappyBird/Info.plist;
				LD_RUNPATH_SEARCH_PATHS = "$(inherited) @executable_path/Frameworks";
				PRODUCT_NAME = "$(TARGET_NAME)";
			};
			name = Release;
		};
		21B8C7B71B107B460097EB67 /* Debug */ = {
			isa = XCBuildConfiguration;
			buildSettings = {
				BUNDLE_LOADER = "$(TEST_HOST)";
				FRAMEWORK_SEARCH_PATHS = (
					"$(SDKROOT)/Developer/Library/Frameworks",
					"$(inherited)",
				);
				GCC_PREPROCESSOR_DEFINITIONS = (
					"DEBUG=1",
					"$(inherited)",
				);
				INFOPLIST_FILE = flappyBirdTests/Info.plist;
				LD_RUNPATH_SEARCH_PATHS = "$(inherited) @executable_path/Frameworks @loader_path/Frameworks";
				PRODUCT_NAME = "$(TARGET_NAME)";
				TEST_HOST = "$(BUILT_PRODUCTS_DIR)/flappyBird.app/flappyBird";
			};
			name = Debug;
		};
		21B8C7B81B107B460097EB67 /* Release */ = {
			isa = XCBuildConfiguration;
			buildSettings = {
				BUNDLE_LOADER = "$(TEST_HOST)";
				FRAMEWORK_SEARCH_PATHS = (
					"$(SDKROOT)/Developer/Library/Frameworks",
					"$(inherited)",
				);
				INFOPLIST_FILE = flappyBirdTests/Info.plist;
				LD_RUNPATH_SEARCH_PATHS = "$(inherited) @executable_path/Frameworks @loader_path/Frameworks";
				PRODUCT_NAME = "$(TARGET_NAME)";
				TEST_HOST = "$(BUILT_PRODUCTS_DIR)/flappyBird.app/flappyBird";
			};
			name = Release;
		};
/* End XCBuildConfiguration section */

/* Begin XCConfigurationList section */
		21B8C7861B107B460097EB67 /* Build configuration list for PBXProject "flappyBird" */ = {
			isa = XCConfigurationList;
			buildConfigurations = (
				21B8C7B11B107B460097EB67 /* Debug */,
				21B8C7B21B107B460097EB67 /* Release */,
			);
			defaultConfigurationIsVisible = 0;
			defaultConfigurationName = Release;
		};
		21B8C7B31B107B460097EB67 /* Build configuration list for PBXNativeTarget "flappyBird" */ = {
			isa = XCConfigurationList;
			buildConfigurations = (
				21B8C7B41B107B460097EB67 /* Debug */,
				21B8C7B51B107B460097EB67 /* Release */,
			);
			defaultConfigurationIsVisible = 0;
		};
		21B8C7B61B107B460097EB67 /* Build configuration list for PBXNativeTarget "flappyBirdTests" */ = {
			isa = XCConfigurationList;
			buildConfigurations = (
				21B8C7B71B107B460097EB67 /* Debug */,
				21B8C7B81B107B460097EB67 /* Release */,
			);
			defaultConfigurationIsVisible = 0;
		};
/* End XCConfigurationList section */
	};
	rootObject = 21B8C7831B107B460097EB67 /* Project object */;
}
